PODS:
  - AFNetworking (3.1.0):
    - AFNetworking/NSURLSession (= 3.1.0)
    - AFNetworking/Reachability (= 3.1.0)
    - AFNetworking/Security (= 3.1.0)
    - AFNetworking/Serialization (= 3.1.0)
    - AFNetworking/UIKit (= 3.1.0)
  - AFNetworking/NSURLSession (3.1.0):
    - AFNetworking/Reachability
    - AFNetworking/Security
    - AFNetworking/Serialization
  - AFNetworking/Reachability (3.1.0)
  - AFNetworking/Security (3.1.0)
  - AFNetworking/Serialization (3.1.0)
  - AFNetworking/UIKit (3.1.0):
    - AFNetworking/NSURLSession
  - CocoaAsyncSocket (7.6.3)
  - FMDB (2.7.5):
    - FMDB/standard (= 2.7.5)
  - FMDB/standard (2.7.5)
  - IQKeyboardManager (6.5.3)
  - Masonry (1.1.0)
  - MBProgressHUD (1.1.0)
  - MJRefresh (3.2.0)
  - MQTTKit (0.1.0)
  - QBImagePickerController (3.4.0)
  - ReactiveObjC (3.1.1)
  - SDWebImage (5.2.5):
    - SDWebImage/Core (= 5.2.5)
  - SDWebImage/Core (5.2.5)
  - SocketRocket (0.5.1)
  - SSKeychain (1.4.1)
  - YYModel (1.0.4)

DEPENDENCIES:
  - AFNetworking (~> 3.1.0)
  - CocoaAsyncSocket
  - FMDB
  - IQKeyboardManager
  - Masonry
  - MBProgressHUD
  - MJRefresh
  - MQTTKit
  - QBImagePickerController
  - ReactiveObjC
  - SDWebImage
  - SocketRocket
  - SSKeychain
  - YYModel

SPEC REPOS:
  https://github.com/cocoapods/specs.git:
    - AFNetworking
    - CocoaAsyncSocket
    - FMDB
    - IQKeyboardManager
    - Masonry
    - MBProgressHUD
    - MJRefresh
    - MQTTKit
    - QBImagePickerController
    - ReactiveObjC
    - SDWebImage
    - SocketRocket
    - SSKeychain
    - YYModel

SPEC CHECKSUMS:
  AFNetworking: 5e0e199f73d8626b11e79750991f5d173d1f8b67
  CocoaAsyncSocket: eafaa68a7e0ec99ead0a7b35015e0bf25d2c8987
  FMDB: 2ce00b547f966261cd18927a3ddb07cb6f3db82a
  IQKeyboardManager: c2f901164d56807a35788483584d09fa69192e8e
  Masonry: 678fab65091a9290e40e2832a55e7ab731aad201
  MBProgressHUD: e7baa36a220447d8aeb12769bf0585582f3866d9
  MJRefresh: ed450d6eb9d3346a2cb033ab7eb6de090aeef437
  MQTTKit: a4e6b8aa92db1aeae917d2b773fd72a7749937c4
  QBImagePickerController: d54cf93db6decf26baf6ed3472f336ef35cae022
  ReactiveObjC: 011caa393aa0383245f2dcf9bf02e86b80b36040
  SDWebImage: 4eabf2fa6695c95c47724214417a9c036c965e4a
  SocketRocket: d57c7159b83c3c6655745cd15302aa24b6bae531
  SSKeychain: 55cc80f66f5c73da827e3077f02e43528897db41
  YYModel: 2a7fdd96aaa4b86a824e26d0c517de8928c04b30

PODFILE CHECKSUM: 1d67a88cffb4e77b00ea6ce7ff979f65a392d60d

COCOAPODS: 1.7.1
